// !$*UTF8*$!
{
	archiveVersion = 1;
	classes = {
	};
	objectVersion = 50;
	objects = {

/* Begin PBXBuildFile section */
		517FF8A625F42B8D00DE4FB1 /* AppDelegate.swift in Sources */ = {isa = PBXBuildFile; fileRef = 517FF8A525F42B8D00DE4FB1 /* AppDelegate.swift */; };
		517FF8A825F42B8D00DE4FB1 /* art.scnassets in Resources */ = {isa = PBXBuildFile; fileRef = 517FF8A725F42B8D00DE4FB1 /* art.scnassets */; };
		517FF8AA25F42B8D00DE4FB1 /* ViewController.swift in Sources */ = {isa = PBXBuildFile; fileRef = 517FF8A925F42B8D00DE4FB1 /* ViewController.swift */; };
		517FF8AD25F42B8D00DE4FB1 /* Main.storyboard in Resources */ = {isa = PBXBuildFile; fileRef = 517FF8AB25F42B8D00DE4FB1 /* Main.storyboard */; };
		517FF8AF25F42B8F00DE4FB1 /* Assets.xcassets in Resources */ = {isa = PBXBuildFile; fileRef = 517FF8AE25F42B8F00DE4FB1 /* Assets.xcassets */; };
		517FF8B225F42B8F00DE4FB1 /* LaunchScreen.storyboard in Resources */ = {isa = PBXBuildFile; fileRef = 517FF8B025F42B8F00DE4FB1 /* LaunchScreen.storyboard */; };
		517FF8BF25F4328900DE4FB1 /* TopicsViewController.swift in Sources */ = {isa = PBXBuildFile; fileRef = 517FF8BE25F4328900DE4FB1 /* TopicsViewController.swift */; };
		517FF8C325F4363700DE4FB1 /* TopicViewCell.swift in Sources */ = {isa = PBXBuildFile; fileRef = 517FF8C225F4363700DE4FB1 /* TopicViewCell.swift */; };
		517FF8C625F4C34F00DE4FB1 /* ConceptsViewController.swift in Sources */ = {isa = PBXBuildFile; fileRef = 517FF8C525F4C34F00DE4FB1 /* ConceptsViewController.swift */; };
/* End PBXBuildFile section */

/* Begin PBXFileReference section */
		517FF8A225F42B8D00DE4FB1 /* Epiphany.app */ = {isa = PBXFileReference; explicitFileType = wrapper.application; includeInIndex = 0; path = Epiphany.app; sourceTree = BUILT_PRODUCTS_DIR; };
		517FF8A525F42B8D00DE4FB1 /* AppDelegate.swift */ = {isa = PBXFileReference; lastKnownFileType = sourcecode.swift; path = AppDelegate.swift; sourceTree = "<group>"; };
		517FF8A725F42B8D00DE4FB1 /* art.scnassets */ = {isa = PBXFileReference; lastKnownFileType = wrapper.scnassets; path = art.scnassets; sourceTree = "<group>"; };
		517FF8A925F42B8D00DE4FB1 /* ViewController.swift */ = {isa = PBXFileReference; lastKnownFileType = sourcecode.swift; path = ViewController.swift; sourceTree = "<group>"; };
		517FF8AC25F42B8D00DE4FB1 /* Base */ = {isa = PBXFileReference; lastKnownFileType = file.storyboard; name = Base; path = Base.lproj/Main.storyboard; sourceTree = "<group>"; };
		517FF8AE25F42B8F00DE4FB1 /* Assets.xcassets */ = {isa = PBXFileReference; lastKnownFileType = folder.assetcatalog; path = Assets.xcassets; sourceTree = "<group>"; };
		517FF8B125F42B8F00DE4FB1 /* Base */ = {isa = PBXFileReference; lastKnownFileType = file.storyboard; name = Base; path = Base.lproj/LaunchScreen.storyboard; sourceTree = "<group>"; };
		517FF8B325F42B8F00DE4FB1 /* Info.plist */ = {isa = PBXFileReference; lastKnownFileType = text.plist.xml; path = Info.plist; sourceTree = "<group>"; };
		517FF8BE25F4328900DE4FB1 /* TopicsViewController.swift */ = {isa = PBXFileReference; lastKnownFileType = sourcecode.swift; path = TopicsViewController.swift; sourceTree = "<group>"; };
		517FF8C225F4363700DE4FB1 /* TopicViewCell.swift */ = {isa = PBXFileReference; lastKnownFileType = sourcecode.swift; path = TopicViewCell.swift; sourceTree = "<group>"; };
		517FF8C525F4C34F00DE4FB1 /* ConceptsViewController.swift */ = {isa = PBXFileReference; lastKnownFileType = sourcecode.swift; path = ConceptsViewController.swift; sourceTree = "<group>"; };
/* End PBXFileReference section */

/* Begin PBXFrameworksBuildPhase section */
		517FF89F25F42B8D00DE4FB1 /* Frameworks */ = {
			isa = PBXFrameworksBuildPhase;
			buildActionMask = 2147483647;
			files = (
			);
			runOnlyForDeploymentPostprocessing = 0;
		};
/* End PBXFrameworksBuildPhase section */

/* Begin PBXGroup section */
		517FF89925F42B8C00DE4FB1 = {
			isa = PBXGroup;
			children = (
				517FF8A425F42B8D00DE4FB1 /* Epiphany */,
				517FF8A325F42B8D00DE4FB1 /* Products */,
			);
			sourceTree = "<group>";
		};
		517FF8A325F42B8D00DE4FB1 /* Products */ = {
			isa = PBXGroup;
			children = (
				517FF8A225F42B8D00DE4FB1 /* Epiphany.app */,
			);
			name = Products;
			sourceTree = "<group>";
		};
		517FF8A425F42B8D00DE4FB1 /* Epiphany */ = {
			isa = PBXGroup;
			children = (
				517FF8BC25F4324500DE4FB1 /* Controller */,
				517FF8BB25F4324100DE4FB1 /* View */,
				517FF8BA25F4323700DE4FB1 /* Model */,
				517FF8A525F42B8D00DE4FB1 /* AppDelegate.swift */,
				517FF8A725F42B8D00DE4FB1 /* art.scnassets */,
				517FF8AE25F42B8F00DE4FB1 /* Assets.xcassets */,
				517FF8B025F42B8F00DE4FB1 /* LaunchScreen.storyboard */,
				517FF8B325F42B8F00DE4FB1 /* Info.plist */,
			);
			path = Epiphany;
			sourceTree = "<group>";
		};
		517FF8BA25F4323700DE4FB1 /* Model */ = {
			isa = PBXGroup;
			children = (
			);
			path = Model;
			sourceTree = "<group>";
		};
		517FF8BB25F4324100DE4FB1 /* View */ = {
			isa = PBXGroup;
			children = (
				517FF8AB25F42B8D00DE4FB1 /* Main.storyboard */,
			);
			path = View;
			sourceTree = "<group>";
		};
		517FF8BC25F4324500DE4FB1 /* Controller */ = {
			isa = PBXGroup;
			children = (
				517FF8A925F42B8D00DE4FB1 /* ViewController.swift */,
				517FF8BE25F4328900DE4FB1 /* TopicsViewController.swift */,
				517FF8C225F4363700DE4FB1 /* TopicViewCell.swift */,
				517FF8C525F4C34F00DE4FB1 /* ConceptsViewController.swift */,
			);
			path = Controller;
			sourceTree = "<group>";
		};
/* End PBXGroup section */

/* Begin PBXNativeTarget section */
		517FF8A125F42B8D00DE4FB1 /* Epiphany */ = {
			isa = PBXNativeTarget;
			buildConfigurationList = 517FF8B625F42B8F00DE4FB1 /* Build configuration list for PBXNativeTarget "Epiphany" */;
			buildPhases = (
				517FF89E25F42B8D00DE4FB1 /* Sources */,
				517FF89F25F42B8D00DE4FB1 /* Frameworks */,
				517FF8A025F42B8D00DE4FB1 /* Resources */,
			);
			buildRules = (
			);
			dependencies = (
			);
			name = Epiphany;
			productName = Epiphany;
			productReference = 517FF8A225F42B8D00DE4FB1 /* Epiphany.app */;
			productType = "com.apple.product-type.application";
		};
/* End PBXNativeTarget section */

/* Begin PBXProject section */
		517FF89A25F42B8C00DE4FB1 /* Project object */ = {
			isa = PBXProject;
			attributes = {
				LastSwiftUpdateCheck = 1240;
				LastUpgradeCheck = 1240;
				TargetAttributes = {
					517FF8A125F42B8D00DE4FB1 = {
						CreatedOnToolsVersion = 12.4;
					};
				};
			};
			buildConfigurationList = 517FF89D25F42B8C00DE4FB1 /* Build configuration list for PBXProject "Epiphany" */;
			compatibilityVersion = "Xcode 9.3";
			developmentRegion = en;
			hasScannedForEncodings = 0;
			knownRegions = (
				en,
				Base,
			);
			mainGroup = 517FF89925F42B8C00DE4FB1;
			productRefGroup = 517FF8A325F42B8D00DE4FB1 /* Products */;
			projectDirPath = "";
			projectRoot = "";
			targets = (
				517FF8A125F42B8D00DE4FB1 /* Epiphany */,
			);
		};
/* End PBXProject section */

/* Begin PBXResourcesBuildPhase section */
		517FF8A025F42B8D00DE4FB1 /* Resources */ = {
			isa = PBXResourcesBuildPhase;
			buildActionMask = 2147483647;
			files = (
				517FF8A825F42B8D00DE4FB1 /* art.scnassets in Resources */,
				517FF8B225F42B8F00DE4FB1 /* LaunchScreen.storyboard in Resources */,
				517FF8AF25F42B8F00DE4FB1 /* Assets.xcassets in Resources */,
				517FF8AD25F42B8D00DE4FB1 /* Main.storyboard in Resources */,
			);
			runOnlyForDeploymentPostprocessing = 0;
		};
/* End PBXResourcesBuildPhase section */

/* Begin PBXSourcesBuildPhase section */
		517FF89E25F42B8D00DE4FB1 /* Sources */ = {
			isa = PBXSourcesBuildPhase;
			buildActionMask = 2147483647;
			files = (
				517FF8C325F4363700DE4FB1 /* TopicViewCell.swift in Sources */,
				517FF8AA25F42B8D00DE4FB1 /* ViewController.swift in Sources */,
				517FF8A625F42B8D00DE4FB1 /* AppDelegate.swift in Sources */,
				517FF8C625F4C34F00DE4FB1 /* ConceptsViewController.swift in Sources */,
				517FF8BF25F4328900DE4FB1 /* TopicsViewController.swift in Sources */,
			);
			runOnlyForDeploymentPostprocessing = 0;
		};
/* End PBXSourcesBuildPhase section */

/* Begin PBXVariantGroup section */
		517FF8AB25F42B8D00DE4FB1 /* Main.storyboard */ = {
			isa = PBXVariantGroup;
			children = (
				517FF8AC25F42B8D00DE4FB1 /* Base */,
			);
			name = Main.storyboard;
			sourceTree = "<group>";
		};
		517FF8B025F42B8F00DE4FB1 /* LaunchScreen.storyboard */ = {
			isa = PBXVariantGroup;
			children = (
				517FF8B125F42B8F00DE4FB1 /* Base */,
			);
			name = LaunchScreen.storyboard;
			sourceTree = "<group>";
		};
/* End PBXVariantGroup section */

/* Begin XCBuildConfiguration section */
		517FF8B425F42B8F00DE4FB1 /* Debug */ = {
			isa = XCBuildConfiguration;
			buildSettings = {
				ALWAYS_SEARCH_USER_PATHS = NO;
				CLANG_ANALYZER_NONNULL = YES;
				CLANG_ANALYZER_NUMBER_OBJECT_CONVERSION = YES_AGGRESSIVE;
				CLANG_CXX_LANGUAGE_STANDARD = "gnu++14";
				CLANG_CXX_LIBRARY = "libc++";
				CLANG_ENABLE_MODULES = YES;
				CLANG_ENABLE_OBJC_ARC = YES;
				CLANG_ENABLE_OBJC_WEAK = YES;
				CLANG_WARN_BLOCK_CAPTURE_AUTORELEASING = YES;
				CLANG_WARN_BOOL_CONVERSION = YES;
				CLANG_WARN_COMMA = YES;
				CLANG_WARN_CONSTANT_CONVERSION = YES;
				CLANG_WARN_DEPRECATED_OBJC_IMPLEMENTATIONS = YES;
				CLANG_WARN_DIRECT_OBJC_ISA_USAGE = YES_ERROR;
				CLANG_WARN_DOCUMENTATION_COMMENTS = YES;
				CLANG_WARN_EMPTY_BODY = YES;
				CLANG_WARN_ENUM_CONVERSION = YES;
				CLANG_WARN_INFINITE_RECURSION = YES;
				CLANG_WARN_INT_CONVERSION = YES;
				CLANG_WARN_NON_LITERAL_NULL_CONVERSION = YES;
				CLANG_WARN_OBJC_IMPLICIT_RETAIN_SELF = YES;
				CLANG_WARN_OBJC_LITERAL_CONVERSION = YES;
				CLANG_WARN_OBJC_ROOT_CLASS = YES_ERROR;
				CLANG_WARN_QUOTED_INCLUDE_IN_FRAMEWORK_HEADER = YES;
				CLANG_WARN_RANGE_LOOP_ANALYSIS = YES;
				CLANG_WARN_STRICT_PROTOTYPES = YES;
				CLANG_WARN_SUSPICIOUS_MOVE = YES;
				CLANG_WARN_UNGUARDED_AVAILABILITY = YES_AGGRESSIVE;
				CLANG_WARN_UNREACHABLE_CODE = YES;
				CLANG_WARN__DUPLICATE_METHOD_MATCH = YES;
				COPY_PHASE_STRIP = NO;
				DEBUG_INFORMATION_FORMAT = dwarf;
				ENABLE_STRICT_OBJC_MSGSEND = YES;
				ENABLE_TESTABILITY = YES;
				GCC_C_LANGUAGE_STANDARD = gnu11;
				GCC_DYNAMIC_NO_PIC = NO;
				GCC_NO_COMMON_BLOCKS = YES;
				GCC_OPTIMIZATION_LEVEL = 0;
				GCC_PREPROCESSOR_DEFINITIONS = (
					"DEBUG=1",
					"$(inherited)",
				);
				GCC_WARN_64_TO_32_BIT_CONVERSION = YES;
				GCC_WARN_ABOUT_RETURN_TYPE = YES_ERROR;
				GCC_WARN_UNDECLARED_SELECTOR = YES;
				GCC_WARN_UNINITIALIZED_AUTOS = YES_AGGRESSIVE;
				GCC_WARN_UNUSED_FUNCTION = YES;
				GCC_WARN_UNUSED_VARIABLE = YES;
				IPHONEOS_DEPLOYMENT_TARGET = 14.4;
				MTL_ENABLE_DEBUG_INFO = INCLUDE_SOURCE;
				MTL_FAST_MATH = YES;
				ONLY_ACTIVE_ARCH = YES;
				SDKROOT = iphoneos;
				SWIFT_ACTIVE_COMPILATION_CONDITIONS = DEBUG;
				SWIFT_OPTIMIZATION_LEVEL = "-Onone";
			};
			name = Debug;
		};
		517FF8B525F42B8F00DE4FB1 /* Release */ = {
			isa = XCBuildConfiguration;
			buildSettings = {
				ALWAYS_SEARCH_USER_PATHS = NO;
				CLANG_ANALYZER_NONNULL = YES;
				CLANG_ANALYZER_NUMBER_OBJECT_CONVERSION = YES_AGGRESSIVE;
				CLANG_CXX_LANGUAGE_STANDARD = "gnu++14";
				CLANG_CXX_LIBRARY = "libc++";
				CLANG_ENABLE_MODULES = YES;
				CLANG_ENABLE_OBJC_ARC = YES;
				CLANG_ENABLE_OBJC_WEAK = YES;
				CLANG_WARN_BLOCK_CAPTURE_AUTORELEASING = YES;
				CLANG_WARN_BOOL_CONVERSION = YES;
				CLANG_WARN_COMMA = YES;
				CLANG_WARN_CONSTANT_CONVERSION = YES;
				CLANG_WARN_DEPRECATED_OBJC_IMPLEMENTATIONS = YES;
				CLANG_WARN_DIRECT_OBJC_ISA_USAGE = YES_ERROR;
				CLANG_WARN_DOCUMENTATION_COMMENTS = YES;
				CLANG_WARN_EMPTY_BODY = YES;
				CLANG_WARN_ENUM_CONVERSION = YES;
				CLANG_WARN_INFINITE_RECURSION = YES;
				CLANG_WARN_INT_CONVERSION = YES;
				CLANG_WARN_NON_LITERAL_NULL_CONVERSION = YES;
				CLANG_WARN_OBJC_IMPLICIT_RETAIN_SELF = YES;
				CLANG_WARN_OBJC_LITERAL_CONVERSION = YES;
				CLANG_WARN_OBJC_ROOT_CLASS = YES_ERROR;
				CLANG_WARN_QUOTED_INCLUDE_IN_FRAMEWORK_HEADER = YES;
				CLANG_WARN_RANGE_LOOP_ANALYSIS = YES;
				CLANG_WARN_STRICT_PROTOTYPES = YES;
				CLANG_WARN_SUSPICIOUS_MOVE = YES;
				CLANG_WARN_UNGUARDED_AVAILABILITY = YES_AGGRESSIVE;
				CLANG_WARN_UNREACHABLE_CODE = YES;
				CLANG_WARN__DUPLICATE_METHOD_MATCH = YES;
				COPY_PHASE_STRIP = NO;
				DEBUG_INFORMATION_FORMAT = "dwarf-with-dsym";
				ENABLE_NS_ASSERTIONS = NO;
				ENABLE_STRICT_OBJC_MSGSEND = YES;
				GCC_C_LANGUAGE_STANDARD = gnu11;
				GCC_NO_COMMON_BLOCKS = YES;
				GCC_WARN_64_TO_32_BIT_CONVERSION = YES;
				GCC_WARN_ABOUT_RETURN_TYPE = YES_ERROR;
				GCC_WARN_UNDECLARED_SELECTOR = YES;
				GCC_WARN_UNINITIALIZED_AUTOS = YES_AGGRESSIVE;
				GCC_WARN_UNUSED_FUNCTION = YES;
				GCC_WARN_UNUSED_VARIABLE = YES;
				IPHONEOS_DEPLOYMENT_TARGET = 14.4;
				MTL_ENABLE_DEBUG_INFO = NO;
				MTL_FAST_MATH = YES;
				SDKROOT = iphoneos;
				SWIFT_COMPILATION_MODE = wholemodule;
				SWIFT_OPTIMIZATION_LEVEL = "-O";
				VALIDATE_PRODUCT = YES;
			};
			name = Release;
		};
		517FF8B725F42B8F00DE4FB1 /* Debug */ = {
			isa = XCBuildConfiguration;
			buildSettings = {
				ASSETCATALOG_COMPILER_APPICON_NAME = AppIcon;
				ASSETCATALOG_COMPILER_GLOBAL_ACCENT_COLOR_NAME = AccentColor;
				CODE_SIGN_STYLE = Automatic;
				DEVELOPMENT_TEAM = 2RF7K43A6B;
				INFOPLIST_FILE = Epiphany/Info.plist;
				LD_RUNPATH_SEARCH_PATHS = (
					"$(inherited)",
					"@executable_path/Frameworks",
				);
				PRODUCT_BUNDLE_IDENTIFIER = com.udbhav.Epiphany;
				PRODUCT_NAME = "$(TARGET_NAME)";
				SWIFT_VERSION = 5.0;
				TARGETED_DEVICE_FAMILY = "1,2";
			};
			name = Debug;
		};
		517FF8B825F42B8F00DE4FB1 /* Release */ = {
			isa = XCBuildConfiguration;
			buildSettings = {
				ASSETCATALOG_COMPILER_APPICON_NAME = AppIcon;
				ASSETCATALOG_COMPILER_GLOBAL_ACCENT_COLOR_NAME = AccentColor;
				CODE_SIGN_STYLE = Automatic;
				DEVELOPMENT_TEAM = 2RF7K43A6B;
				INFOPLIST_FILE = Epiphany/Info.plist;
				LD_RUNPATH_SEARCH_PATHS = (
					"$(inherited)",
					"@executable_path/Frameworks",
				);
				PRODUCT_BUNDLE_IDENTIFIER = com.udbhav.Epiphany;
				PRODUCT_NAME = "$(TARGET_NAME)";
				SWIFT_VERSION = 5.0;
				TARGETED_DEVICE_FAMILY = "1,2";
			};
			name = Release;
		};
/* End XCBuildConfiguration section */

/* Begin XCConfigurationList section */
		517FF89D25F42B8C00DE4FB1 /* Build configuration list for PBXProject "Epiphany" */ = {
			isa = XCConfigurationList;
			buildConfigurations = (
				517FF8B425F42B8F00DE4FB1 /* Debug */,
				517FF8B525F42B8F00DE4FB1 /* Release */,
			);
			defaultConfigurationIsVisible = 0;
			defaultConfigurationName = Release;
		};
		517FF8B625F42B8F00DE4FB1 /* Build configuration list for PBXNativeTarget "Epiphany" */ = {
			isa = XCConfigurationList;
			buildConfigurations = (
				517FF8B725F42B8F00DE4FB1 /* Debug */,
				517FF8B825F42B8F00DE4FB1 /* Release */,
			);
			defaultConfigurationIsVisible = 0;
			defaultConfigurationName = Release;
		};
/* End XCConfigurationList section */
	};
	rootObject = 517FF89A25F42B8C00DE4FB1 /* Project object */;
}
